// !$*UTF8*$!
{
	archiveVersion = 1;
	classes = {
	};
	objectVersion = 77;
	objects = {

/* Begin PBXContainerItemProxy section */
		210ED42E2D249A7D006B0ABE /* PBXContainerItemProxy */ = {
			isa = PBXContainerItemProxy;
			containerPortal = 210ED4132D249A7B006B0ABE /* Project object */;
			proxyType = 1;
			remoteGlobalIDString = 210ED41A2D249A7B006B0ABE;
			remoteInfo = MacroTracker;
		};
		210ED4382D249A7D006B0ABE /* PBXContainerItemProxy */ = {
			isa = PBXContainerItemProxy;
			containerPortal = 210ED4132D249A7B006B0ABE /* Project object */;
			proxyType = 1;
			remoteGlobalIDString = 210ED41A2D249A7B006B0ABE;
			remoteInfo = MacroTracker;
		};
/* End PBXContainerItemProxy section */

/* Begin PBXFileReference section */
		210ED41B2D249A7B006B0ABE /* MacroTracker.app */ = {isa = PBXFileReference; explicitFileType = wrapper.application; includeInIndex = 0; path = MacroTracker.app; sourceTree = BUILT_PRODUCTS_DIR; };
		210ED42D2D249A7D006B0ABE /* MacroTrackerTests.xctest */ = {isa = PBXFileReference; explicitFileType = wrapper.cfbundle; includeInIndex = 0; path = MacroTrackerTests.xctest; sourceTree = BUILT_PRODUCTS_DIR; };
		210ED4372D249A7D006B0ABE /* MacroTrackerUITests.xctest */ = {isa = PBXFileReference; explicitFileType = wrapper.cfbundle; includeInIndex = 0; path = MacroTrackerUITests.xctest; sourceTree = BUILT_PRODUCTS_DIR; };
/* End PBXFileReference section */

/* Begin PBXFileSystemSynchronizedRootGroup section */
		210ED41D2D249A7B006B0ABE /* MacroTracker */ = {
			isa = PBXFileSystemSynchronizedRootGroup;
			path = MacroTracker;
			sourceTree = "<group>";
		};
		210ED4302D249A7D006B0ABE /* MacroTrackerTests */ = {
			isa = PBXFileSystemSynchronizedRootGroup;
			path = MacroTrackerTests;
			sourceTree = "<group>";
		};
		210ED43A2D249A7D006B0ABE /* MacroTrackerUITests */ = {
			isa = PBXFileSystemSynchronizedRootGroup;
			path = MacroTrackerUITests;
			sourceTree = "<group>";
		};
/* End PBXFileSystemSynchronizedRootGroup section */

/* Begin PBXFrameworksBuildPhase section */
		210ED4182D249A7B006B0ABE /* Frameworks */ = {
			isa = PBXFrameworksBuildPhase;
			buildActionMask = 2147483647;
			files = (
			);
			runOnlyForDeploymentPostprocessing = 0;
		};
		210ED42A2D249A7D006B0ABE /* Frameworks */ = {
			isa = PBXFrameworksBuildPhase;
			buildActionMask = 2147483647;
			files = (
			);
			runOnlyForDeploymentPostprocessing = 0;
		};
		210ED4342D249A7D006B0ABE /* Frameworks */ = {
			isa = PBXFrameworksBuildPhase;
			buildActionMask = 2147483647;
			files = (
			);
			runOnlyForDeploymentPostprocessing = 0;
		};
/* End PBXFrameworksBuildPhase section */

/* Begin PBXGroup section */
		210ED4122D249A7B006B0ABE = {
			isa = PBXGroup;
			children = (
				210ED41D2D249A7B006B0ABE /* MacroTracker */,
				210ED4302D249A7D006B0ABE /* MacroTrackerTests */,
				210ED43A2D249A7D006B0ABE /* MacroTrackerUITests */,
				210ED41C2D249A7B006B0ABE /* Products */,
			);
			sourceTree = "<group>";
		};
		210ED41C2D249A7B006B0ABE /* Products */ = {
			isa = PBXGroup;
			children = (
				210ED41B2D249A7B006B0ABE /* MacroTracker.app */,
				210ED42D2D249A7D006B0ABE /* MacroTrackerTests.xctest */,
				210ED4372D249A7D006B0ABE /* MacroTrackerUITests.xctest */,
			);
			name = Products;
			sourceTree = "<group>";
		};
/* End PBXGroup section */

/* Begin PBXNativeTarget section */
		210ED41A2D249A7B006B0ABE /* MacroTracker */ = {
			isa = PBXNativeTarget;
			buildConfigurationList = 210ED4412D249A7D006B0ABE /* Build configuration list for PBXNativeTarget "MacroTracker" */;
			buildPhases = (
				210ED4172D249A7B006B0ABE /* Sources */,
				210ED4182D249A7B006B0ABE /* Frameworks */,
				210ED4192D249A7B006B0ABE /* Resources */,
			);
			buildRules = (
			);
			dependencies = (
			);
			fileSystemSynchronizedGroups = (
				210ED41D2D249A7B006B0ABE /* MacroTracker */,
			);
			name = MacroTracker;
			packageProductDependencies = (
			);
			productName = MacroTracker;
			productReference = 210ED41B2D249A7B006B0ABE /* MacroTracker.app */;
			productType = "com.apple.product-type.application";
		};
		210ED42C2D249A7D006B0ABE /* MacroTrackerTests */ = {
			isa = PBXNativeTarget;
			buildConfigurationList = 210ED4442D249A7D006B0ABE /* Build configuration list for PBXNativeTarget "MacroTrackerTests" */;
			buildPhases = (
				210ED4292D249A7D006B0ABE /* Sources */,
				210ED42A2D249A7D006B0ABE /* Frameworks */,
				210ED42B2D249A7D006B0ABE /* Resources */,
			);
			buildRules = (
			);
			dependencies = (
				210ED42F2D249A7D006B0ABE /* PBXTargetDependency */,
			);
			fileSystemSynchronizedGroups = (
				210ED4302D249A7D006B0ABE /* MacroTrackerTests */,
			);
			name = MacroTrackerTests;
			packageProductDependencies = (
			);
			productName = MacroTrackerTests;
			productReference = 210ED42D2D249A7D006B0ABE /* MacroTrackerTests.xctest */;
			productType = "com.apple.product-type.bundle.unit-test";
		};
		210ED4362D249A7D006B0ABE /* MacroTrackerUITests */ = {
			isa = PBXNativeTarget;
			buildConfigurationList = 210ED4472D249A7D006B0ABE /* Build configuration list for PBXNativeTarget "MacroTrackerUITests" */;
			buildPhases = (
				210ED4332D249A7D006B0ABE /* Sources */,
				210ED4342D249A7D006B0ABE /* Frameworks */,
				210ED4352D249A7D006B0ABE /* Resources */,
			);
			buildRules = (
			);
			dependencies = (
				210ED4392D249A7D006B0ABE /* PBXTargetDependency */,
			);
			fileSystemSynchronizedGroups = (
				210ED43A2D249A7D006B0ABE /* MacroTrackerUITests */,
			);
			name = MacroTrackerUITests;
			packageProductDependencies = (
			);
			productName = MacroTrackerUITests;
			productReference = 210ED4372D249A7D006B0ABE /* MacroTrackerUITests.xctest */;
			productType = "com.apple.product-type.bundle.ui-testing";
		};
/* End PBXNativeTarget section */

/* Begin PBXProject section */
		210ED4132D249A7B006B0ABE /* Project object */ = {
			isa = PBXProject;
			attributes = {
				BuildIndependentTargetsInParallel = 1;
				LastSwiftUpdateCheck = 1610;
				LastUpgradeCheck = 1610;
				TargetAttributes = {
					210ED41A2D249A7B006B0ABE = {
						CreatedOnToolsVersion = 16.1;
					};
					210ED42C2D249A7D006B0ABE = {
						CreatedOnToolsVersion = 16.1;
						TestTargetID = 210ED41A2D249A7B006B0ABE;
					};
					210ED4362D249A7D006B0ABE = {
						CreatedOnToolsVersion = 16.1;
						TestTargetID = 210ED41A2D249A7B006B0ABE;
					};
				};
			};
			buildConfigurationList = 210ED4162D249A7B006B0ABE /* Build configuration list for PBXProject "MacroTracker" */;
			developmentRegion = en;
			hasScannedForEncodings = 0;
			knownRegions = (
				en,
				Base,
			);
			mainGroup = 210ED4122D249A7B006B0ABE;
			minimizedProjectReferenceProxies = 1;
			preferredProjectObjectVersion = 77;
			productRefGroup = 210ED41C2D249A7B006B0ABE /* Products */;
			projectDirPath = "";
			projectRoot = "";
			targets = (
				210ED41A2D249A7B006B0ABE /* MacroTracker */,
				210ED42C2D249A7D006B0ABE /* MacroTrackerTests */,
				210ED4362D249A7D006B0ABE /* MacroTrackerUITests */,
			);
		};
/* End PBXProject section */

/* Begin PBXResourcesBuildPhase section */
		210ED4192D249A7B006B0ABE /* Resources */ = {
			isa = PBXResourcesBuildPhase;
			buildActionMask = 2147483647;
			files = (
			);
			runOnlyForDeploymentPostprocessing = 0;
		};
		210ED42B2D249A7D006B0ABE /* Resources */ = {
			isa = PBXResourcesBuildPhase;
			buildActionMask = 2147483647;
			files = (
			);
			runOnlyForDeploymentPostprocessing = 0;
		};
		210ED4352D249A7D006B0ABE /* Resources */ = {
			isa = PBXResourcesBuildPhase;
			buildActionMask = 2147483647;
			files = (
			);
			runOnlyForDeploymentPostprocessing = 0;
		};
/* End PBXResourcesBuildPhase section */

/* Begin PBXSourcesBuildPhase section */
		210ED4172D249A7B006B0ABE /* Sources */ = {
			isa = PBXSourcesBuildPhase;
			buildActionMask = 2147483647;
			files = (
			);
			runOnlyForDeploymentPostprocessing = 0;
		};
		210ED4292D249A7D006B0ABE /* Sources */ = {
			isa = PBXSourcesBuildPhase;
			buildActionMask = 2147483647;
			files = (
			);
			runOnlyForDeploymentPostprocessing = 0;
		};
		210ED4332D249A7D006B0ABE /* Sources */ = {
			isa = PBXSourcesBuildPhase;
			buildActionMask = 2147483647;
			files = (
			);
			runOnlyForDeploymentPostprocessing = 0;
		};
/* End PBXSourcesBuildPhase section */

/* Begin PBXTargetDependency section */
		210ED42F2D249A7D006B0ABE /* PBXTargetDependency */ = {
			isa = PBXTargetDependency;
			target = 210ED41A2D249A7B006B0ABE /* MacroTracker */;
			targetProxy = 210ED42E2D249A7D006B0ABE /* PBXContainerItemProxy */;
		};
		210ED4392D249A7D006B0ABE /* PBXTargetDependency */ = {
			isa = PBXTargetDependency;
			target = 210ED41A2D249A7B006B0ABE /* MacroTracker */;
			targetProxy = 210ED4382D249A7D006B0ABE /* PBXContainerItemProxy */;
		};
/* End PBXTargetDependency section */

/* Begin XCBuildConfiguration section */
		210ED43F2D249A7D006B0ABE /* Debug */ = {
			isa = XCBuildConfiguration;
			buildSettings = {
				ALWAYS_SEARCH_USER_PATHS = NO;
				ASSETCATALOG_COMPILER_GENERATE_SWIFT_ASSET_SYMBOL_EXTENSIONS = YES;
				CLANG_ANALYZER_NONNULL = YES;
				CLANG_ANALYZER_NUMBER_OBJECT_CONVERSION = YES_AGGRESSIVE;
				CLANG_CXX_LANGUAGE_STANDARD = "gnu++20";
				CLANG_ENABLE_MODULES = YES;
				CLANG_ENABLE_OBJC_ARC = YES;
				CLANG_ENABLE_OBJC_WEAK = YES;
				CLANG_WARN_BLOCK_CAPTURE_AUTORELEASING = YES;
				CLANG_WARN_BOOL_CONVERSION = YES;
				CLANG_WARN_COMMA = YES;
				CLANG_WARN_CONSTANT_CONVERSION = YES;
				CLANG_WARN_DEPRECATED_OBJC_IMPLEMENTATIONS = YES;
				CLANG_WARN_DIRECT_OBJC_ISA_USAGE = YES_ERROR;
				CLANG_WARN_DOCUMENTATION_COMMENTS = YES;
				CLANG_WARN_EMPTY_BODY = YES;
				CLANG_WARN_ENUM_CONVERSION = YES;
				CLANG_WARN_INFINITE_RECURSION = YES;
				CLANG_WARN_INT_CONVERSION = YES;
				CLANG_WARN_NON_LITERAL_NULL_CONVERSION = YES;
				CLANG_WARN_OBJC_IMPLICIT_RETAIN_SELF = YES;
				CLANG_WARN_OBJC_LITERAL_CONVERSION = YES;
				CLANG_WARN_OBJC_ROOT_CLASS = YES_ERROR;
				CLANG_WARN_QUOTED_INCLUDE_IN_FRAMEWORK_HEADER = YES;
				CLANG_WARN_RANGE_LOOP_ANALYSIS = YES;
				CLANG_WARN_STRICT_PROTOTYPES = YES;
				CLANG_WARN_SUSPICIOUS_MOVE = YES;
				CLANG_WARN_UNGUARDED_AVAILABILITY = YES_AGGRESSIVE;
				CLANG_WARN_UNREACHABLE_CODE = YES;
				CLANG_WARN__DUPLICATE_METHOD_MATCH = YES;
				COPY_PHASE_STRIP = NO;
				DEBUG_INFORMATION_FORMAT = dwarf;
				ENABLE_STRICT_OBJC_MSGSEND = YES;
				ENABLE_TESTABILITY = YES;
				ENABLE_USER_SCRIPT_SANDBOXING = YES;
				GCC_C_LANGUAGE_STANDARD = gnu17;
				GCC_DYNAMIC_NO_PIC = NO;
				GCC_NO_COMMON_BLOCKS = YES;
				GCC_OPTIMIZATION_LEVEL = 0;
				GCC_PREPROCESSOR_DEFINITIONS = (
					"DEBUG=1",
					"$(inherited)",
				);
				GCC_WARN_64_TO_32_BIT_CONVERSION = YES;
				GCC_WARN_ABOUT_RETURN_TYPE = YES_ERROR;
				GCC_WARN_UNDECLARED_SELECTOR = YES;
				GCC_WARN_UNINITIALIZED_AUTOS = YES_AGGRESSIVE;
				GCC_WARN_UNUSED_FUNCTION = YES;
				GCC_WARN_UNUSED_VARIABLE = YES;
				IPHONEOS_DEPLOYMENT_TARGET = 18.1;
				LOCALIZATION_PREFERS_STRING_CATALOGS = YES;
				MTL_ENABLE_DEBUG_INFO = INCLUDE_SOURCE;
				MTL_FAST_MATH = YES;
				ONLY_ACTIVE_ARCH = YES;
				SDKROOT = iphoneos;
				SWIFT_ACTIVE_COMPILATION_CONDITIONS = "DEBUG $(inherited)";
				SWIFT_OPTIMIZATION_LEVEL = "-Onone";
			};
			name = Debug;
		};
		210ED4402D249A7D006B0ABE /* Release */ = {
			isa = XCBuildConfiguration;
			buildSettings = {
				ALWAYS_SEARCH_USER_PATHS = NO;
				ASSETCATALOG_COMPILER_GENERATE_SWIFT_ASSET_SYMBOL_EXTENSIONS = YES;
				CLANG_ANALYZER_NONNULL = YES;
				CLANG_ANALYZER_NUMBER_OBJECT_CONVERSION = YES_AGGRESSIVE;
				CLANG_CXX_LANGUAGE_STANDARD = "gnu++20";
				CLANG_ENABLE_MODULES = YES;
				CLANG_ENABLE_OBJC_ARC = YES;
				CLANG_ENABLE_OBJC_WEAK = YES;
				CLANG_WARN_BLOCK_CAPTURE_AUTORELEASING = YES;
				CLANG_WARN_BOOL_CONVERSION = YES;
				CLANG_WARN_COMMA = YES;
				CLANG_WARN_CONSTANT_CONVERSION = YES;
				CLANG_WARN_DEPRECATED_OBJC_IMPLEMENTATIONS = YES;
				CLANG_WARN_DIRECT_OBJC_ISA_USAGE = YES_ERROR;
				CLANG_WARN_DOCUMENTATION_COMMENTS = YES;
				CLANG_WARN_EMPTY_BODY = YES;
				CLANG_WARN_ENUM_CONVERSION = YES;
				CLANG_WARN_INFINITE_RECURSION = YES;
				CLANG_WARN_INT_CONVERSION = YES;
				CLANG_WARN_NON_LITERAL_NULL_CONVERSION = YES;
				CLANG_WARN_OBJC_IMPLICIT_RETAIN_SELF = YES;
				CLANG_WARN_OBJC_LITERAL_CONVERSION = YES;
				CLANG_WARN_OBJC_ROOT_CLASS = YES_ERROR;
				CLANG_WARN_QUOTED_INCLUDE_IN_FRAMEWORK_HEADER = YES;
				CLANG_WARN_RANGE_LOOP_ANALYSIS = YES;
				CLANG_WARN_STRICT_PROTOTYPES = YES;
				CLANG_WARN_SUSPICIOUS_MOVE = YES;
				CLANG_WARN_UNGUARDED_AVAILABILITY = YES_AGGRESSIVE;
				CLANG_WARN_UNREACHABLE_CODE = YES;
				CLANG_WARN__DUPLICATE_METHOD_MATCH = YES;
				COPY_PHASE_STRIP = NO;
				DEBUG_INFORMATION_FORMAT = "dwarf-with-dsym";
				ENABLE_NS_ASSERTIONS = NO;
				ENABLE_STRICT_OBJC_MSGSEND = YES;
				ENABLE_USER_SCRIPT_SANDBOXING = YES;
				GCC_C_LANGUAGE_STANDARD = gnu17;
				GCC_NO_COMMON_BLOCKS = YES;
				GCC_WARN_64_TO_32_BIT_CONVERSION = YES;
				GCC_WARN_ABOUT_RETURN_TYPE = YES_ERROR;
				GCC_WARN_UNDECLARED_SELECTOR = YES;
				GCC_WARN_UNINITIALIZED_AUTOS = YES_AGGRESSIVE;
				GCC_WARN_UNUSED_FUNCTION = YES;
				GCC_WARN_UNUSED_VARIABLE = YES;
				IPHONEOS_DEPLOYMENT_TARGET = 18.1;
				LOCALIZATION_PREFERS_STRING_CATALOGS = YES;
				MTL_ENABLE_DEBUG_INFO = NO;
				MTL_FAST_MATH = YES;
				SDKROOT = iphoneos;
				SWIFT_COMPILATION_MODE = wholemodule;
				VALIDATE_PRODUCT = YES;
			};
			name = Release;
		};
		210ED4422D249A7D006B0ABE /* Debug */ = {
			isa = XCBuildConfiguration;
			buildSettings = {
				ASSETCATALOG_COMPILER_APPICON_NAME = AppIcon;
				ASSETCATALOG_COMPILER_GLOBAL_ACCENT_COLOR_NAME = AccentColor;
				CODE_SIGN_STYLE = Automatic;
				CURRENT_PROJECT_VERSION = 1;
				DEVELOPMENT_ASSET_PATHS = "\"MacroTracker/Preview Content\"";
				DEVELOPMENT_TEAM = QCCG3L6WPV;
				ENABLE_PREVIEWS = YES;
				GENERATE_INFOPLIST_FILE = YES;
				INFOPLIST_KEY_UIApplicationSceneManifest_Generation = YES;
				INFOPLIST_KEY_UIApplicationSupportsIndirectInputEvents = YES;
				INFOPLIST_KEY_UILaunchScreen_Generation = YES;
				INFOPLIST_KEY_UISupportedInterfaceOrientations_iPad = "UIInterfaceOrientationPortrait UIInterfaceOrientationPortraitUpsideDown UIInterfaceOrientationLandscapeLeft UIInterfaceOrientationLandscapeRight";
				INFOPLIST_KEY_UISupportedInterfaceOrientations_iPhone = "UIInterfaceOrientationPortrait UIInterfaceOrientationLandscapeLeft UIInterfaceOrientationLandscapeRight";
				LD_RUNPATH_SEARCH_PATHS = (
					"$(inherited)",
					"@executable_path/Frameworks",
				);
				MARKETING_VERSION = 1.0;
				PRODUCT_BUNDLE_IDENTIFIER = "Elbery-Studios.MacroTracker";
				PRODUCT_NAME = "$(TARGET_NAME)";
				SWIFT_EMIT_LOC_STRINGS = YES;
				SWIFT_VERSION = 5.0;
				TARGETED_DEVICE_FAMILY = "1,2";
			};
			name = Debug;
		};
		210ED4432D249A7D006B0ABE /* Release */ = {
			isa = XCBuildConfiguration;
			buildSettings = {
				ASSETCATALOG_COMPILER_APPICON_NAME = AppIcon;
				ASSETCATALOG_COMPILER_GLOBAL_ACCENT_COLOR_NAME = AccentColor;
				CODE_SIGN_STYLE = Automatic;
				CURRENT_PROJECT_VERSION = 1;
				DEVELOPMENT_ASSET_PATHS = "\"MacroTracker/Preview Content\"";
				DEVELOPMENT_TEAM = QCCG3L6WPV;
				ENABLE_PREVIEWS = YES;
				GENERATE_INFOPLIST_FILE = YES;
				INFOPLIST_KEY_UIApplicationSceneManifest_Generation = YES;
				INFOPLIST_KEY_UIApplicationSupportsIndirectInputEvents = YES;
				INFOPLIST_KEY_UILaunchScreen_Generation = YES;
				INFOPLIST_KEY_UISupportedInterfaceOrientations_iPad = "UIInterfaceOrientationPortrait UIInterfaceOrientationPortraitUpsideDown UIInterfaceOrientationLandscapeLeft UIInterfaceOrientationLandscapeRight";
				INFOPLIST_KEY_UISupportedInterfaceOrientations_iPhone = "UIInterfaceOrientationPortrait UIInterfaceOrientationLandscapeLeft UIInterfaceOrientationLandscapeRight";
				LD_RUNPATH_SEARCH_PATHS = (
					"$(inherited)",
					"@executable_path/Frameworks",
				);
				MARKETING_VERSION = 1.0;
				PRODUCT_BUNDLE_IDENTIFIER = "Elbery-Studios.MacroTracker";
				PRODUCT_NAME = "$(TARGET_NAME)";
				SWIFT_EMIT_LOC_STRINGS = YES;
				SWIFT_VERSION = 5.0;
				TARGETED_DEVICE_FAMILY = "1,2";
			};
			name = Release;
		};
		210ED4452D249A7D006B0ABE /* Debug */ = {
			isa = XCBuildConfiguration;
			buildSettings = {
				BUNDLE_LOADER = "$(TEST_HOST)";
				CODE_SIGN_STYLE = Automatic;
				CURRENT_PROJECT_VERSION = 1;
				DEVELOPMENT_TEAM = QCCG3L6WPV;
				GENERATE_INFOPLIST_FILE = YES;
				IPHONEOS_DEPLOYMENT_TARGET = 18.1;
				MARKETING_VERSION = 1.0;
				PRODUCT_BUNDLE_IDENTIFIER = "Elbery-Studios.MacroTrackerTests";
				PRODUCT_NAME = "$(TARGET_NAME)";
				SWIFT_EMIT_LOC_STRINGS = NO;
				SWIFT_VERSION = 5.0;
				TARGETED_DEVICE_FAMILY = "1,2";
				TEST_HOST = "$(BUILT_PRODUCTS_DIR)/MacroTracker.app/$(BUNDLE_EXECUTABLE_FOLDER_PATH)/MacroTracker";
			};
			name = Debug;
		};
		210ED4462D249A7D006B0ABE /* Release */ = {
			isa = XCBuildConfiguration;
			buildSettings = {
				BUNDLE_LOADER = "$(TEST_HOST)";
				CODE_SIGN_STYLE = Automatic;
				CURRENT_PROJECT_VERSION = 1;
				DEVELOPMENT_TEAM = QCCG3L6WPV;
				GENERATE_INFOPLIST_FILE = YES;
				IPHONEOS_DEPLOYMENT_TARGET = 18.1;
				MARKETING_VERSION = 1.0;
				PRODUCT_BUNDLE_IDENTIFIER = "Elbery-Studios.MacroTrackerTests";
				PRODUCT_NAME = "$(TARGET_NAME)";
				SWIFT_EMIT_LOC_STRINGS = NO;
				SWIFT_VERSION = 5.0;
				TARGETED_DEVICE_FAMILY = "1,2";
				TEST_HOST = "$(BUILT_PRODUCTS_DIR)/MacroTracker.app/$(BUNDLE_EXECUTABLE_FOLDER_PATH)/MacroTracker";
			};
			name = Release;
		};
		210ED4482D249A7D006B0ABE /* Debug */ = {
			isa = XCBuildConfiguration;
			buildSettings = {
				CODE_SIGN_STYLE = Automatic;
				CURRENT_PROJECT_VERSION = 1;
				DEVELOPMENT_TEAM = QCCG3L6WPV;
				GENERATE_INFOPLIST_FILE = YES;
				MARKETING_VERSION = 1.0;
				PRODUCT_BUNDLE_IDENTIFIER = "Elbery-Studios.MacroTrackerUITests";
				PRODUCT_NAME = "$(TARGET_NAME)";
				SWIFT_EMIT_LOC_STRINGS = NO;
				SWIFT_VERSION = 5.0;
				TARGETED_DEVICE_FAMILY = "1,2";
				TEST_TARGET_NAME = MacroTracker;
			};
			name = Debug;
		};
		210ED4492D249A7D006B0ABE /* Release */ = {
			isa = XCBuildConfiguration;
			buildSettings = {
				CODE_SIGN_STYLE = Automatic;
				CURRENT_PROJECT_VERSION = 1;
				DEVELOPMENT_TEAM = QCCG3L6WPV;
				GENERATE_INFOPLIST_FILE = YES;
				MARKETING_VERSION = 1.0;
				PRODUCT_BUNDLE_IDENTIFIER = "Elbery-Studios.MacroTrackerUITests";
				PRODUCT_NAME = "$(TARGET_NAME)";
				SWIFT_EMIT_LOC_STRINGS = NO;
				SWIFT_VERSION = 5.0;
				TARGETED_DEVICE_FAMILY = "1,2";
				TEST_TARGET_NAME = MacroTracker;
			};
			name = Release;
		};
/* End XCBuildConfiguration section */

/* Begin XCConfigurationList section */
		210ED4162D249A7B006B0ABE /* Build configuration list for PBXProject "MacroTracker" */ = {
			isa = XCConfigurationList;
			buildConfigurations = (
				210ED43F2D249A7D006B0ABE /* Debug */,
				210ED4402D249A7D006B0ABE /* Release */,
			);
			defaultConfigurationIsVisible = 0;
			defaultConfigurationName = Release;
		};
		210ED4412D249A7D006B0ABE /* Build configuration list for PBXNativeTarget "MacroTracker" */ = {
			isa = XCConfigurationList;
			buildConfigurations = (
				210ED4422D249A7D006B0ABE /* Debug */,
				210ED4432D249A7D006B0ABE /* Release */,
			);
			defaultConfigurationIsVisible = 0;
			defaultConfigurationName = Release;
		};
		210ED4442D249A7D006B0ABE /* Build configuration list for PBXNativeTarget "MacroTrackerTests" */ = {
			isa = XCConfigurationList;
			buildConfigurations = (
				210ED4452D249A7D006B0ABE /* Debug */,
				210ED4462D249A7D006B0ABE /* Release */,
			);
			defaultConfigurationIsVisible = 0;
			defaultConfigurationName = Release;
		};
		210ED4472D249A7D006B0ABE /* Build configuration list for PBXNativeTarget "MacroTrackerUITests" */ = {
			isa = XCConfigurationList;
			buildConfigurations = (
				210ED4482D249A7D006B0ABE /* Debug */,
				210ED4492D249A7D006B0ABE /* Release */,
			);
			defaultConfigurationIsVisible = 0;
			defaultConfigurationName = Release;
		};
/* End XCConfigurationList section */
	};
	rootObject = 210ED4132D249A7B006B0ABE /* Project object */;
}
